
Microsoft Visual Studio Solution File, Format Version 12.00
# Visual Studio Version 17
VisualStudioVersion = 17.0.31903.59
MinimumVisualStudioVersion = 10.0.40219.1
Project("{FAE04EC0-301F-11D3-BF4B-00C04F79EFBC}") = "Shared.Crypto", "Shared.Crypto\Shared.Crypto.csproj", "{51803E35-EB3E-42AA-959C-7259109A0EE0}"
EndProject
Project("{FAE04EC0-301F-11D3-BF4B-00C04F79EFBC}") = "CreatorLedger.Domain", "CreatorLedger.Domain\CreatorLedger.Domain.csproj", "{ECD31549-6899-47DE-88DC-6E2B95884C29}"
EndProject
Project("{FAE04EC0-301F-11D3-BF4B-00C04F79EFBC}") = "CreatorLedger.Application", "CreatorLedger.Application\CreatorLedger.Application.csproj", "{143D3E9A-7EF8-4C22-8CBD-F4B9F888C414}"
EndProject
Project("{FAE04EC0-301F-11D3-BF4B-00C04F79EFBC}") = "CreatorLedger.Infrastructure", "CreatorLedger.Infrastructure\CreatorLedger.Infrastructure.csproj", "{79B75765-F20A-4F19-862E-7A71A8199F9E}"
EndProject
Project("{FAE04EC0-301F-11D3-BF4B-00C04F79EFBC}") = "CreatorLedger.Tests", "CreatorLedger.Tests\CreatorLedger.Tests.csproj", "{B5F03378-FFAC-4439-94FF-8423C76654DC}"
EndProject
Project("{FAE04EC0-301F-11D3-BF4B-00C04F79EFBC}") = "CreatorLedger.Cli", "CreatorLedger.Cli\CreatorLedger.Cli.csproj", "{0E335E9A-F02F-4558-B610-2F74050549C9}"
EndProject
Global
	GlobalSection(SolutionConfigurationPlatforms) = preSolution
		Debug|Any CPU = Debug|Any CPU
		Debug|x64 = Debug|x64
		Debug|x86 = Debug|x86
		Release|Any CPU = Release|Any CPU
		Release|x64 = Release|x64
		Release|x86 = Release|x86
	EndGlobalSection
	GlobalSection(ProjectConfigurationPlatforms) = postSolution
		{51803E35-EB3E-42AA-959C-7259109A0EE0}.Debug|Any CPU.ActiveCfg = Debug|Any CPU
		{51803E35-EB3E-42AA-959C-7259109A0EE0}.Debug|Any CPU.Build.0 = Debug|Any CPU
		{51803E35-EB3E-42AA-959C-7259109A0EE0}.Debug|x64.ActiveCfg = Debug|Any CPU
		{51803E35-EB3E-42AA-959C-7259109A0EE0}.Debug|x64.Build.0 = Debug|Any CPU
		{51803E35-EB3E-42AA-959C-7259109A0EE0}.Debug|x86.ActiveCfg = Debug|Any CPU
		{51803E35-EB3E-42AA-959C-7259109A0EE0}.Debug|x86.Build.0 = Debug|Any CPU
		{51803E35-EB3E-42AA-959C-7259109A0EE0}.Release|Any CPU.ActiveCfg = Release|Any CPU
		{51803E35-EB3E-42AA-959C-7259109A0EE0}.Release|Any CPU.Build.0 = Release|Any CPU
		{51803E35-EB3E-42AA-959C-7259109A0EE0}.Release|x64.ActiveCfg = Release|Any CPU
		{51803E35-EB3E-42AA-959C-7259109A0EE0}.Release|x64.Build.0 = Release|Any CPU
		{51803E35-EB3E-42AA-959C-7259109A0EE0}.Release|x86.ActiveCfg = Release|Any CPU
		{51803E35-EB3E-42AA-959C-7259109A0EE0}.Release|x86.Build.0 = Release|Any CPU
		{ECD31549-6899-47DE-88DC-6E2B95884C29}.Debug|Any CPU.ActiveCfg = Debug|Any CPU
		{ECD31549-6899-47DE-88DC-6E2B95884C29}.Debug|Any CPU.Build.0 = Debug|Any CPU
		{ECD31549-6899-47DE-88DC-6E2B95884C29}.Debug|x64.ActiveCfg = Debug|Any CPU
		{ECD31549-6899-47DE-88DC-6E2B95884C29}.Debug|x64.Build.0 = Debug|Any CPU
		{ECD31549-6899-47DE-88DC-6E2B95884C29}.Debug|x86.ActiveCfg = Debug|Any CPU
		{ECD31549-6899-47DE-88DC-6E2B95884C29}.Debug|x86.Build.0 = Debug|Any CPU
		{ECD31549-6899-47DE-88DC-6E2B95884C29}.Release|Any CPU.ActiveCfg = Release|Any CPU
		{ECD31549-6899-47DE-88DC-6E2B95884C29}.Release|Any CPU.Build.0 = Release|Any CPU
		{ECD31549-6899-47DE-88DC-6E2B95884C29}.Release|x64.ActiveCfg = Release|Any CPU
		{ECD31549-6899-47DE-88DC-6E2B95884C29}.Release|x64.Build.0 = Release|Any CPU
		{ECD31549-6899-47DE-88DC-6E2B95884C29}.Release|x86.ActiveCfg = Release|Any CPU
		{ECD31549-6899-47DE-88DC-6E2B95884C29}.Release|x86.Build.0 = Release|Any CPU
		{143D3E9A-7EF8-4C22-8CBD-F4B9F888C414}.Debug|Any CPU.ActiveCfg = Debug|Any CPU
		{143D3E9A-7EF8-4C22-8CBD-F4B9F888C414}.Debug|Any CPU.Build.0 = Debug|Any CPU
		{143D3E9A-7EF8-4C22-8CBD-F4B9F888C414}.Debug|x64.ActiveCfg = Debug|Any CPU
		{143D3E9A-7EF8-4C22-8CBD-F4B9F888C414}.Debug|x64.Build.0 = Debug|Any CPU
		{143D3E9A-7EF8-4C22-8CBD-F4B9F888C414}.Debug|x86.ActiveCfg = Debug|Any CPU
		{143D3E9A-7EF8-4C22-8CBD-F4B9F888C414}.Debug|x86.Build.0 = Debug|Any CPU
		{143D3E9A-7EF8-4C22-8CBD-F4B9F888C414}.Release|Any CPU.ActiveCfg = Release|Any CPU
		{143D3E9A-7EF8-4C22-8CBD-F4B9F888C414}.Release|Any CPU.Build.0 = Release|Any CPU
		{143D3E9A-7EF8-4C22-8CBD-F4B9F888C414}.Release|x64.ActiveCfg = Release|Any CPU
		{143D3E9A-7EF8-4C22-8CBD-F4B9F888C414}.Release|x64.Build.0 = Release|Any CPU
		{143D3E9A-7EF8-4C22-8CBD-F4B9F888C414}.Release|x86.ActiveCfg = Release|Any CPU
		{143D3E9A-7EF8-4C22-8CBD-F4B9F888C414}.Release|x86.Build.0 = Release|Any CPU
		{79B75765-F20A-4F19-862E-7A71A8199F9E}.Debug|Any CPU.ActiveCfg = Debug|Any CPU
		{79B75765-F20A-4F19-862E-7A71A8199F9E}.Debug|Any CPU.Build.0 = Debug|Any CPU
		{79B75765-F20A-4F19-862E-7A71A8199F9E}.Debug|x64.ActiveCfg = Debug|Any CPU
		{79B75765-F20A-4F19-862E-7A71A8199F9E}.Debug|x64.Build.0 = Debug|Any CPU
		{79B75765-F20A-4F19-862E-7A71A8199F9E}.Debug|x86.ActiveCfg = Debug|Any CPU
		{79B75765-F20A-4F19-862E-7A71A8199F9E}.Debug|x86.Build.0 = Debug|Any CPU
		{79B75765-F20A-4F19-862E-7A71A8199F9E}.Release|Any CPU.ActiveCfg = Release|Any CPU
		{79B75765-F20A-4F19-862E-7A71A8199F9E}.Release|Any CPU.Build.0 = Release|Any CPU
		{79B75765-F20A-4F19-862E-7A71A8199F9E}.Release|x64.ActiveCfg = Release|Any CPU
		{79B75765-F20A-4F19-862E-7A71A8199F9E}.Release|x64.Build.0 = Release|Any CPU
		{79B75765-F20A-4F19-862E-7A71A8199F9E}.Release|x86.ActiveCfg = Release|Any CPU
		{79B75765-F20A-4F19-862E-7A71A8199F9E}.Release|x86.Build.0 = Release|Any CPU
		{B5F03378-FFAC-4439-94FF-8423C76654DC}.Debug|Any CPU.ActiveCfg = Debug|Any CPU
		{B5F03378-FFAC-4439-94FF-8423C76654DC}.Debug|Any CPU.Build.0 = Debug|Any CPU
		{B5F03378-FFAC-4439-94FF-8423C76654DC}.Debug|x64.ActiveCfg = Debug|Any CPU
		{B5F03378-FFAC-4439-94FF-8423C76654DC}.Debug|x64.Build.0 = Debug|Any CPU
		{B5F03378-FFAC-4439-94FF-8423C76654DC}.Debug|x86.ActiveCfg = Debug|Any CPU
		{B5F03378-FFAC-4439-94FF-8423C76654DC}.Debug|x86.Build.0 = Debug|Any CPU
		{B5F03378-FFAC-4439-94FF-8423C76654DC}.Release|Any CPU.ActiveCfg = Release|Any CPU
		{B5F03378-FFAC-4439-94FF-8423C76654DC}.Release|Any CPU.Build.0 = Release|Any CPU
		{B5F03378-FFAC-4439-94FF-8423C76654DC}.Release|x64.ActiveCfg = Release|Any CPU
		{B5F03378-FFAC-4439-94FF-8423C76654DC}.Release|x64.Build.0 = Release|Any CPU
		{B5F03378-FFAC-4439-94FF-8423C76654DC}.Release|x86.ActiveCfg = Release|Any CPU
		{B5F03378-FFAC-4439-94FF-8423C76654DC}.Release|x86.Build.0 = Release|Any CPU
		{0E335E9A-F02F-4558-B610-2F74050549C9}.Debug|Any CPU.ActiveCfg = Debug|Any CPU
		{0E335E9A-F02F-4558-B610-2F74050549C9}.Debug|Any CPU.Build.0 = Debug|Any CPU
		{0E335E9A-F02F-4558-B610-2F74050549C9}.Debug|x64.ActiveCfg = Debug|Any CPU
		{0E335E9A-F02F-4558-B610-2F74050549C9}.Debug|x64.Build.0 = Debug|Any CPU
		{0E335E9A-F02F-4558-B610-2F74050549C9}.Debug|x86.ActiveCfg = Debug|Any CPU
		{0E335E9A-F02F-4558-B610-2F74050549C9}.Debug|x86.Build.0 = Debug|Any CPU
		{0E335E9A-F02F-4558-B610-2F74050549C9}.Release|Any CPU.ActiveCfg = Release|Any CPU
		{0E335E9A-F02F-4558-B610-2F74050549C9}.Release|Any CPU.Build.0 = Release|Any CPU
		{0E335E9A-F02F-4558-B610-2F74050549C9}.Release|x64.ActiveCfg = Release|Any CPU
		{0E335E9A-F02F-4558-B610-2F74050549C9}.Release|x64.Build.0 = Release|Any CPU
		{0E335E9A-F02F-4558-B610-2F74050549C9}.Release|x86.ActiveCfg = Release|Any CPU
		{0E335E9A-F02F-4558-B610-2F74050549C9}.Release|x86.Build.0 = Release|Any CPU
	EndGlobalSection
	GlobalSection(SolutionProperties) = preSolution
		HideSolutionNode = FALSE
	EndGlobalSection
EndGlobal
